
Microsoft Visual Studio Solution File, Format Version 12.00
# Visual Studio Version 17
VisualStudioVersion = 17.7.34031.279
MinimumVisualStudioVersion = 10.0.40219.1
Project("{9A19103F-16F7-4668-BE54-9A1E7A4F7556}") = "MultiPrecisionComplex", "MultiPrecisionComplex\MultiPrecisionComplex.csproj", "{CE10E306-3F53-497A-8289-966B248D6266}"
EndProject
Project("{FAE04EC0-301F-11D3-BF4B-00C04F79EFBC}") = "MultiPrecisionComplexTest", "MultiPrecisionComplexTest\MultiPrecisionComplexTest.csproj", "{D52077BB-FB49-4291-ABE5-E880A02D3055}"
	ProjectSection(ProjectDependencies) = postProject
		{CE10E306-3F53-497A-8289-966B248D6266} = {CE10E306-3F53-497A-8289-966B248D6266}
	EndProjectSection
EndProject
Global
	GlobalSection(SolutionConfigurationPlatforms) = preSolution
		Debug|Any CPU = Debug|Any CPU
		Release|Any CPU = Release|Any CPU
	EndGlobalSection
	GlobalSection(ProjectConfigurationPlatforms) = postSolution
		{CE10E306-3F53-497A-8289-966B248D6266}.Debug|Any CPU.ActiveCfg = Debug|Any CPU
		{CE10E306-3F53-497A-8289-966B248D6266}.Debug|Any CPU.Build.0 = Debug|Any CPU
		{CE10E306-3F53-497A-8289-966B248D6266}.Release|Any CPU.ActiveCfg = Release|Any CPU
		{CE10E306-3F53-497A-8289-966B248D6266}.Release|Any CPU.Build.0 = Release|Any CPU
		{D52077BB-FB49-4291-ABE5-E880A02D3055}.Debug|Any CPU.ActiveCfg = Debug|Any CPU
		{D52077BB-FB49-4291-ABE5-E880A02D3055}.Debug|Any CPU.Build.0 = Debug|Any CPU
		{D52077BB-FB49-4291-ABE5-E880A02D3055}.Release|Any CPU.ActiveCfg = Release|Any CPU
		{D52077BB-FB49-4291-ABE5-E880A02D3055}.Release|Any CPU.Build.0 = Release|Any CPU
	EndGlobalSection
	GlobalSection(SolutionProperties) = preSolution
		HideSolutionNode = FALSE
	EndGlobalSection
	GlobalSection(ExtensibilityGlobals) = postSolution
		SolutionGuid = {52A79DD3-0AEE-4881-AAB1-A05CC4A98E07}
	EndGlobalSection
EndGlobal
